
Microsoft Visual Studio Solution File, Format Version 12.00
# Visual Studio Version 17
VisualStudioVersion = 17.0.31903.59
MinimumVisualStudioVersion = 10.0.40219.1
Project("{FAE04EC0-301F-11D3-BF4B-00C04F79EFBC}") = "Assessor.Server.Api", "Assessor.Server.Api\Assessor.Server.Api.csproj", "{14BB5169-188D-4980-95AC-FFAB0B466CC4}"
EndProject
Project("{FAE04EC0-301F-11D3-BF4B-00C04F79EFBC}") = "Assessor.Server.Infrastructure", "Assessor.Server.Infrastructure\Assessor.Server.Infrastructure.csproj", "{22F6FE9E-A083-4513-9D29-F8F804C1F774}"
EndProject
Project("{FAE04EC0-301F-11D3-BF4B-00C04F79EFBC}") = "Assessor.Server.Application", "Assessor.Server.Application\Assessor.Server.Application.csproj", "{0819E7FE-2FA9-498C-985E-369E993C1D1C}"
EndProject
Project("{FAE04EC0-301F-11D3-BF4B-00C04F79EFBC}") = "Assessor.Server.Domain", "Assessor.Server.Domain\Assessor.Server.Domain.csproj", "{607C8DC7-0AAF-4345-ACFE-05A798032CFB}"
EndProject
Global
	GlobalSection(SolutionConfigurationPlatforms) = preSolution
		Debug|Any CPU = Debug|Any CPU
		Release|Any CPU = Release|Any CPU
	EndGlobalSection
	GlobalSection(SolutionProperties) = preSolution
		HideSolutionNode = FALSE
	EndGlobalSection
	GlobalSection(ProjectConfigurationPlatforms) = postSolution
		{14BB5169-188D-4980-95AC-FFAB0B466CC4}.Debug|Any CPU.ActiveCfg = Debug|Any CPU
		{14BB5169-188D-4980-95AC-FFAB0B466CC4}.Debug|Any CPU.Build.0 = Debug|Any CPU
		{14BB5169-188D-4980-95AC-FFAB0B466CC4}.Release|Any CPU.ActiveCfg = Release|Any CPU
		{14BB5169-188D-4980-95AC-FFAB0B466CC4}.Release|Any CPU.Build.0 = Release|Any CPU
		{22F6FE9E-A083-4513-9D29-F8F804C1F774}.Debug|Any CPU.ActiveCfg = Debug|Any CPU
		{22F6FE9E-A083-4513-9D29-F8F804C1F774}.Debug|Any CPU.Build.0 = Debug|Any CPU
		{22F6FE9E-A083-4513-9D29-F8F804C1F774}.Release|Any CPU.ActiveCfg = Release|Any CPU
		{22F6FE9E-A083-4513-9D29-F8F804C1F774}.Release|Any CPU.Build.0 = Release|Any CPU
		{0819E7FE-2FA9-498C-985E-369E993C1D1C}.Debug|Any CPU.ActiveCfg = Debug|Any CPU
		{0819E7FE-2FA9-498C-985E-369E993C1D1C}.Debug|Any CPU.Build.0 = Debug|Any CPU
		{0819E7FE-2FA9-498C-985E-369E993C1D1C}.Release|Any CPU.ActiveCfg = Release|Any CPU
		{0819E7FE-2FA9-498C-985E-369E993C1D1C}.Release|Any CPU.Build.0 = Release|Any CPU
		{607C8DC7-0AAF-4345-ACFE-05A798032CFB}.Debug|Any CPU.ActiveCfg = Debug|Any CPU
		{607C8DC7-0AAF-4345-ACFE-05A798032CFB}.Debug|Any CPU.Build.0 = Debug|Any CPU
		{607C8DC7-0AAF-4345-ACFE-05A798032CFB}.Release|Any CPU.ActiveCfg = Release|Any CPU
		{607C8DC7-0AAF-4345-ACFE-05A798032CFB}.Release|Any CPU.Build.0 = Release|Any CPU
	EndGlobalSection
EndGlobal
